schema: '2.0'
stages:
  data_ingestion:
    cmd: python src/data/make_dataset.py
    deps:
    - path: src/data/make_dataset.py
      hash: md5
      md5: 614b4da8df83e50b2bcb24201a114185
      size: 2272
    params:
      params.yaml:
        make_dataset.test_size: 0.2
    outs:
    - path: data/interim
      hash: md5
      md5: a895a442f1edea8f97d66708d0dbce52.dir
      size: 2309350
      nfiles: 2
  data_preprocessing:
    cmd: python src/features/build_features.py
    deps:
    - path: data/interim
      hash: md5
      md5: a895a442f1edea8f97d66708d0dbce52.dir
      size: 2309350
      nfiles: 2
    - path: src/features/build_features.py
      hash: md5
      md5: b9476164321395079b1fd3d38eb49937
      size: 2302
    outs:
    - path: data/processed
      hash: md5
      md5: 40e4f7d264208397aea89b027010f545.dir
      size: 5710193
      nfiles: 2
  model_building:
    cmd: python src/models/train_model.py
    deps:
    - path: data/processed
      hash: md5
      md5: 40e4f7d264208397aea89b027010f545.dir
      size: 5710193
      nfiles: 2
    - path: src/models/train_model.py
      hash: md5
      md5: 02e216994ab5c302a2377db3d0379708
      size: 842
    params:
      params.yaml:
        train_model.max_depth: 15
        train_model.min_samples_leaf: 10
        train_model.min_samples_split: 5
    outs:
    - path: models/model.pkl
      hash: md5
      md5: 94c79abef1a271fbe5b972b8db8f3c38
      size: 7040156
  model_evaluation:
    cmd: python src/model_evaluation/model_evaluation.py
    deps:
    - path: models/model.pkl
      hash: md5
      md5: 94c79abef1a271fbe5b972b8db8f3c38
      size: 7040156
    - path: src/models/train_model.py
      hash: md5
      md5: 02e216994ab5c302a2377db3d0379708
      size: 842
    outs:
    - path: metrics.json
      hash: md5
      md5: 25b1c013b9135e791d7106a3f7404013
      size: 150
